
Microsoft Visual Studio Solution File, Format Version 12.00
# Visual Studio Version 16
VisualStudioVersion = 16.0.29613.14
MinimumVisualStudioVersion = 10.0.40219.1
Project("{FAE04EC0-301F-11D3-BF4B-00C04F79EFBC}") = "Entity FrameWork WPF", "Entity FrameWork WPF\Entity FrameWork WPF.csproj", "{46CFC676-D9F1-47AE-B094-CC38994DEA53}"
EndProject
Global
	GlobalSection(SolutionConfigurationPlatforms) = preSolution
		Debug|Any CPU = Debug|Any CPU
		Release|Any CPU = Release|Any CPU
	EndGlobalSection
	GlobalSection(ProjectConfigurationPlatforms) = postSolution
		{46CFC676-D9F1-47AE-B094-CC38994DEA53}.Debug|Any CPU.ActiveCfg = Debug|Any CPU
		{46CFC676-D9F1-47AE-B094-CC38994DEA53}.Debug|Any CPU.Build.0 = Debug|Any CPU
		{46CFC676-D9F1-47AE-B094-CC38994DEA53}.Release|Any CPU.ActiveCfg = Release|Any CPU
		{46CFC676-D9F1-47AE-B094-CC38994DEA53}.Release|Any CPU.Build.0 = Release|Any CPU
	EndGlobalSection
	GlobalSection(SolutionProperties) = preSolution
		HideSolutionNode = FALSE
	EndGlobalSection
	GlobalSection(ExtensibilityGlobals) = postSolution
		SolutionGuid = {68FD47A2-EBE1-4115-9D2D-8B49CBFCADA2}
	EndGlobalSection
EndGlobal
