
Microsoft Visual Studio Solution File, Format Version 12.00
# Visual Studio Version 16
VisualStudioVersion = 16.0.30523.141
MinimumVisualStudioVersion = 10.0.40219.1
Project("{FAE04EC0-301F-11D3-BF4B-00C04F79EFBC}") = "Wpf Entity Framework example", "Wpf Entity Framework example\Wpf Entity Framework example.csproj", "{664539D2-DB4B-4810-BF0B-965EB5D97F88}"
EndProject
Project("{FAE04EC0-301F-11D3-BF4B-00C04F79EFBC}") = "EntityLayer", "EntityLayer\EntityLayer.csproj", "{05D87A59-18F0-439F-96EF-274AFCAF05D9}"
EndProject
Project("{FAE04EC0-301F-11D3-BF4B-00C04F79EFBC}") = "DataAccessLayer", "DataAccessLayer\DataAccessLayer.csproj", "{0F3904D6-909F-47EE-A7D9-A864E04CBC72}"
EndProject
Project("{FAE04EC0-301F-11D3-BF4B-00C04F79EFBC}") = "BusniessLogicLayer", "BusniessLogicLayer\BusniessLogicLayer.csproj", "{7057FB1B-44E4-46ED-81E8-6BEAF43BCA8A}"
EndProject
Global
	GlobalSection(SolutionConfigurationPlatforms) = preSolution
		Debug|Any CPU = Debug|Any CPU
		Release|Any CPU = Release|Any CPU
	EndGlobalSection
	GlobalSection(ProjectConfigurationPlatforms) = postSolution
		{664539D2-DB4B-4810-BF0B-965EB5D97F88}.Debug|Any CPU.ActiveCfg = Debug|Any CPU
		{664539D2-DB4B-4810-BF0B-965EB5D97F88}.Debug|Any CPU.Build.0 = Debug|Any CPU
		{664539D2-DB4B-4810-BF0B-965EB5D97F88}.Release|Any CPU.ActiveCfg = Release|Any CPU
		{664539D2-DB4B-4810-BF0B-965EB5D97F88}.Release|Any CPU.Build.0 = Release|Any CPU
		{05D87A59-18F0-439F-96EF-274AFCAF05D9}.Debug|Any CPU.ActiveCfg = Debug|Any CPU
		{05D87A59-18F0-439F-96EF-274AFCAF05D9}.Debug|Any CPU.Build.0 = Debug|Any CPU
		{05D87A59-18F0-439F-96EF-274AFCAF05D9}.Release|Any CPU.ActiveCfg = Release|Any CPU
		{05D87A59-18F0-439F-96EF-274AFCAF05D9}.Release|Any CPU.Build.0 = Release|Any CPU
		{0F3904D6-909F-47EE-A7D9-A864E04CBC72}.Debug|Any CPU.ActiveCfg = Debug|Any CPU
		{0F3904D6-909F-47EE-A7D9-A864E04CBC72}.Debug|Any CPU.Build.0 = Debug|Any CPU
		{0F3904D6-909F-47EE-A7D9-A864E04CBC72}.Release|Any CPU.ActiveCfg = Release|Any CPU
		{0F3904D6-909F-47EE-A7D9-A864E04CBC72}.Release|Any CPU.Build.0 = Release|Any CPU
		{7057FB1B-44E4-46ED-81E8-6BEAF43BCA8A}.Debug|Any CPU.ActiveCfg = Debug|Any CPU
		{7057FB1B-44E4-46ED-81E8-6BEAF43BCA8A}.Debug|Any CPU.Build.0 = Debug|Any CPU
		{7057FB1B-44E4-46ED-81E8-6BEAF43BCA8A}.Release|Any CPU.ActiveCfg = Release|Any CPU
		{7057FB1B-44E4-46ED-81E8-6BEAF43BCA8A}.Release|Any CPU.Build.0 = Release|Any CPU
	EndGlobalSection
	GlobalSection(SolutionProperties) = preSolution
		HideSolutionNode = FALSE
	EndGlobalSection
	GlobalSection(ExtensibilityGlobals) = postSolution
		SolutionGuid = {39A21FFC-EA9E-4E00-A527-097565AB1FE7}
	EndGlobalSection
EndGlobal
