
Microsoft Visual Studio Solution File, Format Version 12.00
# Visual Studio Version 16
VisualStudioVersion = 16.0.30002.166
MinimumVisualStudioVersion = 10.0.40219.1
Project("{FAE04EC0-301F-11D3-BF4B-00C04F79EFBC}") = "InterFaces", "InterFaces\InterFaces.csproj", "{F82F885E-CB30-4449-8AB6-D59461C15C56}"
EndProject
Global
	GlobalSection(SolutionConfigurationPlatforms) = preSolution
		Debug|Any CPU = Debug|Any CPU
		Release|Any CPU = Release|Any CPU
	EndGlobalSection
	GlobalSection(ProjectConfigurationPlatforms) = postSolution
		{F82F885E-CB30-4449-8AB6-D59461C15C56}.Debug|Any CPU.ActiveCfg = Debug|Any CPU
		{F82F885E-CB30-4449-8AB6-D59461C15C56}.Debug|Any CPU.Build.0 = Debug|Any CPU
		{F82F885E-CB30-4449-8AB6-D59461C15C56}.Release|Any CPU.ActiveCfg = Release|Any CPU
		{F82F885E-CB30-4449-8AB6-D59461C15C56}.Release|Any CPU.Build.0 = Release|Any CPU
	EndGlobalSection
	GlobalSection(SolutionProperties) = preSolution
		HideSolutionNode = FALSE
	EndGlobalSection
	GlobalSection(ExtensibilityGlobals) = postSolution
		SolutionGuid = {B4B74233-405A-4E15-8001-B744FA3C5CB8}
	EndGlobalSection
EndGlobal
